// !$*UTF8*$!
{
	archiveVersion = 1;
	classes = {
	};
	objectVersion = 56;
	objects = {

/* Begin PBXBuildFile section */
		4F1D977A2902E5760064515A /* SwiftUIdeasApp.swift in Sources */ = {isa = PBXBuildFile; fileRef = 4F1D97792902E5760064515A /* SwiftUIdeasApp.swift */; };
		4F1D977C2902E5760064515A /* ContentView.swift in Sources */ = {isa = PBXBuildFile; fileRef = 4F1D977B2902E5760064515A /* ContentView.swift */; };
		4F1D977E2902E5770064515A /* Assets.xcassets in Resources */ = {isa = PBXBuildFile; fileRef = 4F1D977D2902E5770064515A /* Assets.xcassets */; };
		4F1D97812902E5770064515A /* Preview Assets.xcassets in Resources */ = {isa = PBXBuildFile; fileRef = 4F1D97802902E5770064515A /* Preview Assets.xcassets */; };
		4F1D97882902E6DF0064515A /* Constants.swift in Sources */ = {isa = PBXBuildFile; fileRef = 4F1D97872902E6DF0064515A /* Constants.swift */; };
		4F1D978C2902E9920064515A /* TitleView.swift in Sources */ = {isa = PBXBuildFile; fileRef = 4F1D978B2902E9920064515A /* TitleView.swift */; };
		4F1D978E2902E9C90064515A /* GalleryView.swift in Sources */ = {isa = PBXBuildFile; fileRef = 4F1D978D2902E9C90064515A /* GalleryView.swift */; };
		4F1D97932902F7240064515A /* SliderApp.swift in Sources */ = {isa = PBXBuildFile; fileRef = 4F1D97922902F7240064515A /* SliderApp.swift */; };
		4F1D9795290317CB0064515A /* GaugeApp.swift in Sources */ = {isa = PBXBuildFile; fileRef = 4F1D9794290317CB0064515A /* GaugeApp.swift */; };
		4F1D9797290341070064515A /* PictureApp.swift in Sources */ = {isa = PBXBuildFile; fileRef = 4F1D9796290341070064515A /* PictureApp.swift */; };
		4F1D9799290442570064515A /* LoremApp.swift in Sources */ = {isa = PBXBuildFile; fileRef = 4F1D9798290442570064515A /* LoremApp.swift */; };
		4F2001D12904785900F03D1A /* FruitApp.swift in Sources */ = {isa = PBXBuildFile; fileRef = 4F2001D02904785900F03D1A /* FruitApp.swift */; };
		4F2001D529047B0300F03D1A /* CoreTask.xcdatamodeld in Sources */ = {isa = PBXBuildFile; fileRef = 4F2001D229047B0300F03D1A /* CoreTask.xcdatamodeld */; };
		4F2001D629047B0300F03D1A /* Persistence.swift in Sources */ = {isa = PBXBuildFile; fileRef = 4F2001D429047B0300F03D1A /* Persistence.swift */; };
		4F2001D829047B4E00F03D1A /* CoreTaskApp.swift in Sources */ = {isa = PBXBuildFile; fileRef = 4F2001D729047B4E00F03D1A /* CoreTaskApp.swift */; };
		4F2001DA290538BE00F03D1A /* ChristmasApp.swift in Sources */ = {isa = PBXBuildFile; fileRef = 4F2001D9290538BE00F03D1A /* ChristmasApp.swift */; };
/* End PBXBuildFile section */

/* Begin PBXFileReference section */
		4F1D97762902E5760064515A /* SwiftUIdeas.app */ = {isa = PBXFileReference; explicitFileType = wrapper.application; includeInIndex = 0; path = SwiftUIdeas.app; sourceTree = BUILT_PRODUCTS_DIR; };
		4F1D97792902E5760064515A /* SwiftUIdeasApp.swift */ = {isa = PBXFileReference; lastKnownFileType = sourcecode.swift; path = SwiftUIdeasApp.swift; sourceTree = "<group>"; };
		4F1D977B2902E5760064515A /* ContentView.swift */ = {isa = PBXFileReference; lastKnownFileType = sourcecode.swift; path = ContentView.swift; sourceTree = "<group>"; };
		4F1D977D2902E5770064515A /* Assets.xcassets */ = {isa = PBXFileReference; lastKnownFileType = folder.assetcatalog; path = Assets.xcassets; sourceTree = "<group>"; };
		4F1D97802902E5770064515A /* Preview Assets.xcassets */ = {isa = PBXFileReference; lastKnownFileType = folder.assetcatalog; path = "Preview Assets.xcassets"; sourceTree = "<group>"; };
		4F1D97872902E6DF0064515A /* Constants.swift */ = {isa = PBXFileReference; lastKnownFileType = sourcecode.swift; path = Constants.swift; sourceTree = "<group>"; };
		4F1D978B2902E9920064515A /* TitleView.swift */ = {isa = PBXFileReference; lastKnownFileType = sourcecode.swift; path = TitleView.swift; sourceTree = "<group>"; };
		4F1D978D2902E9C90064515A /* GalleryView.swift */ = {isa = PBXFileReference; lastKnownFileType = sourcecode.swift; path = GalleryView.swift; sourceTree = "<group>"; };
		4F1D97922902F7240064515A /* SliderApp.swift */ = {isa = PBXFileReference; lastKnownFileType = sourcecode.swift; path = SliderApp.swift; sourceTree = "<group>"; };
		4F1D9794290317CB0064515A /* GaugeApp.swift */ = {isa = PBXFileReference; lastKnownFileType = sourcecode.swift; path = GaugeApp.swift; sourceTree = "<group>"; };
		4F1D9796290341070064515A /* PictureApp.swift */ = {isa = PBXFileReference; lastKnownFileType = sourcecode.swift; path = PictureApp.swift; sourceTree = "<group>"; };
		4F1D9798290442570064515A /* LoremApp.swift */ = {isa = PBXFileReference; lastKnownFileType = sourcecode.swift; path = LoremApp.swift; sourceTree = "<group>"; };
		4F2001D02904785900F03D1A /* FruitApp.swift */ = {isa = PBXFileReference; lastKnownFileType = sourcecode.swift; path = FruitApp.swift; sourceTree = "<group>"; };
		4F2001D329047B0300F03D1A /* CoreTask.xcdatamodel */ = {isa = PBXFileReference; lastKnownFileType = wrapper.xcdatamodel; path = CoreTask.xcdatamodel; sourceTree = "<group>"; };
		4F2001D429047B0300F03D1A /* Persistence.swift */ = {isa = PBXFileReference; fileEncoding = 4; lastKnownFileType = sourcecode.swift; path = Persistence.swift; sourceTree = "<group>"; };
		4F2001D729047B4E00F03D1A /* CoreTaskApp.swift */ = {isa = PBXFileReference; lastKnownFileType = sourcecode.swift; path = CoreTaskApp.swift; sourceTree = "<group>"; };
		4F2001D9290538BE00F03D1A /* ChristmasApp.swift */ = {isa = PBXFileReference; lastKnownFileType = sourcecode.swift; path = ChristmasApp.swift; sourceTree = "<group>"; };
/* End PBXFileReference section */

/* Begin PBXFrameworksBuildPhase section */
		4F1D97732902E5760064515A /* Frameworks */ = {
			isa = PBXFrameworksBuildPhase;
			buildActionMask = 2147483647;
			files = (
			);
			runOnlyForDeploymentPostprocessing = 0;
		};
/* End PBXFrameworksBuildPhase section */

/* Begin PBXGroup section */
		4F1D976D2902E5760064515A = {
			isa = PBXGroup;
			children = (
				4F1D97782902E5760064515A /* SwiftUIdeas */,
				4F1D97772902E5760064515A /* Products */,
			);
			sourceTree = "<group>";
		};
		4F1D97772902E5760064515A /* Products */ = {
			isa = PBXGroup;
			children = (
				4F1D97762902E5760064515A /* SwiftUIdeas.app */,
			);
			name = Products;
			sourceTree = "<group>";
		};
		4F1D97782902E5760064515A /* SwiftUIdeas */ = {
			isa = PBXGroup;
			children = (
				4F1D97792902E5760064515A /* SwiftUIdeasApp.swift */,
				4F1D977B2902E5760064515A /* ContentView.swift */,
				4F1D97912902F7080064515A /* Apps */,
				4F1D978A2902E96D0064515A /* Model */,
				4F1D97892902E9670064515A /* View */,
				4F1D977D2902E5770064515A /* Assets.xcassets */,
				4F1D977F2902E5770064515A /* Preview Content */,
			);
			path = SwiftUIdeas;
			sourceTree = "<group>";
		};
		4F1D977F2902E5770064515A /* Preview Content */ = {
			isa = PBXGroup;
			children = (
				4F1D97802902E5770064515A /* Preview Assets.xcassets */,
			);
			path = "Preview Content";
			sourceTree = "<group>";
		};
		4F1D97892902E9670064515A /* View */ = {
			isa = PBXGroup;
			children = (
				4F1D978B2902E9920064515A /* TitleView.swift */,
				4F1D978D2902E9C90064515A /* GalleryView.swift */,
			);
			path = View;
			sourceTree = "<group>";
		};
		4F1D978A2902E96D0064515A /* Model */ = {
			isa = PBXGroup;
			children = (
				4F2001D229047B0300F03D1A /* CoreTask.xcdatamodeld */,
				4F2001D429047B0300F03D1A /* Persistence.swift */,
				4F1D97872902E6DF0064515A /* Constants.swift */,
			);
			path = Model;
			sourceTree = "<group>";
		};
		4F1D97912902F7080064515A /* Apps */ = {
			isa = PBXGroup;
			children = (
				4F1D97922902F7240064515A /* SliderApp.swift */,
				4F1D9794290317CB0064515A /* GaugeApp.swift */,
				4F1D9796290341070064515A /* PictureApp.swift */,
				4F1D9798290442570064515A /* LoremApp.swift */,
				4F2001D02904785900F03D1A /* FruitApp.swift */,
				4F2001D729047B4E00F03D1A /* CoreTaskApp.swift */,
				4F2001D9290538BE00F03D1A /* ChristmasApp.swift */,
			);
			path = Apps;
			sourceTree = "<group>";
		};
/* End PBXGroup section */

/* Begin PBXNativeTarget section */
		4F1D97752902E5760064515A /* SwiftUIdeas */ = {
			isa = PBXNativeTarget;
			buildConfigurationList = 4F1D97842902E5770064515A /* Build configuration list for PBXNativeTarget "SwiftUIdeas" */;
			buildPhases = (
				4F1D97722902E5760064515A /* Sources */,
				4F1D97732902E5760064515A /* Frameworks */,
				4F1D97742902E5760064515A /* Resources */,
			);
			buildRules = (
			);
			dependencies = (
			);
			name = SwiftUIdeas;
			productName = SwiftUIdeas;
			productReference = 4F1D97762902E5760064515A /* SwiftUIdeas.app */;
			productType = "com.apple.product-type.application";
		};
/* End PBXNativeTarget section */

/* Begin PBXProject section */
		4F1D976E2902E5760064515A /* Project object */ = {
			isa = PBXProject;
			attributes = {
				BuildIndependentTargetsInParallel = 1;
				LastSwiftUpdateCheck = 1400;
				LastUpgradeCheck = 1400;
				TargetAttributes = {
					4F1D97752902E5760064515A = {
						CreatedOnToolsVersion = 14.0;
					};
				};
			};
			buildConfigurationList = 4F1D97712902E5760064515A /* Build configuration list for PBXProject "SwiftUIdeas" */;
			compatibilityVersion = "Xcode 14.0";
			developmentRegion = en;
			hasScannedForEncodings = 0;
			knownRegions = (
				en,
				Base,
			);
			mainGroup = 4F1D976D2902E5760064515A;
			productRefGroup = 4F1D97772902E5760064515A /* Products */;
			projectDirPath = "";
			projectRoot = "";
			targets = (
				4F1D97752902E5760064515A /* SwiftUIdeas */,
			);
		};
/* End PBXProject section */

/* Begin PBXResourcesBuildPhase section */
		4F1D97742902E5760064515A /* Resources */ = {
			isa = PBXResourcesBuildPhase;
			buildActionMask = 2147483647;
			files = (
				4F1D97812902E5770064515A /* Preview Assets.xcassets in Resources */,
				4F1D977E2902E5770064515A /* Assets.xcassets in Resources */,
			);
			runOnlyForDeploymentPostprocessing = 0;
		};
/* End PBXResourcesBuildPhase section */

/* Begin PBXSourcesBuildPhase section */
		4F1D97722902E5760064515A /* Sources */ = {
			isa = PBXSourcesBuildPhase;
			buildActionMask = 2147483647;
			files = (
				4F1D9799290442570064515A /* LoremApp.swift in Sources */,
				4F1D9797290341070064515A /* PictureApp.swift in Sources */,
				4F1D97932902F7240064515A /* SliderApp.swift in Sources */,
				4F1D977C2902E5760064515A /* ContentView.swift in Sources */,
				4F2001DA290538BE00F03D1A /* ChristmasApp.swift in Sources */,
				4F2001D829047B4E00F03D1A /* CoreTaskApp.swift in Sources */,
				4F1D977A2902E5760064515A /* SwiftUIdeasApp.swift in Sources */,
				4F1D97882902E6DF0064515A /* Constants.swift in Sources */,
				4F1D978C2902E9920064515A /* TitleView.swift in Sources */,
				4F1D9795290317CB0064515A /* GaugeApp.swift in Sources */,
				4F2001D529047B0300F03D1A /* CoreTask.xcdatamodeld in Sources */,
				4F2001D629047B0300F03D1A /* Persistence.swift in Sources */,
				4F2001D12904785900F03D1A /* FruitApp.swift in Sources */,
				4F1D978E2902E9C90064515A /* GalleryView.swift in Sources */,
			);
			runOnlyForDeploymentPostprocessing = 0;
		};
/* End PBXSourcesBuildPhase section */

/* Begin XCBuildConfiguration section */
		4F1D97822902E5770064515A /* Debug */ = {
			isa = XCBuildConfiguration;
			buildSettings = {
				ALWAYS_SEARCH_USER_PATHS = NO;
				CLANG_ANALYZER_NONNULL = YES;
				CLANG_ANALYZER_NUMBER_OBJECT_CONVERSION = YES_AGGRESSIVE;
				CLANG_CXX_LANGUAGE_STANDARD = "gnu++20";
				CLANG_ENABLE_MODULES = YES;
				CLANG_ENABLE_OBJC_ARC = YES;
				CLANG_ENABLE_OBJC_WEAK = YES;
				CLANG_WARN_BLOCK_CAPTURE_AUTORELEASING = YES;
				CLANG_WARN_BOOL_CONVERSION = YES;
				CLANG_WARN_COMMA = YES;
				CLANG_WARN_CONSTANT_CONVERSION = YES;
				CLANG_WARN_DEPRECATED_OBJC_IMPLEMENTATIONS = YES;
				CLANG_WARN_DIRECT_OBJC_ISA_USAGE = YES_ERROR;
				CLANG_WARN_DOCUMENTATION_COMMENTS = YES;
				CLANG_WARN_EMPTY_BODY = YES;
				CLANG_WARN_ENUM_CONVERSION = YES;
				CLANG_WARN_INFINITE_RECURSION = YES;
				CLANG_WARN_INT_CONVERSION = YES;
				CLANG_WARN_NON_LITERAL_NULL_CONVERSION = YES;
				CLANG_WARN_OBJC_IMPLICIT_RETAIN_SELF = YES;
				CLANG_WARN_OBJC_LITERAL_CONVERSION = YES;
				CLANG_WARN_OBJC_ROOT_CLASS = YES_ERROR;
				CLANG_WARN_QUOTED_INCLUDE_IN_FRAMEWORK_HEADER = YES;
				CLANG_WARN_RANGE_LOOP_ANALYSIS = YES;
				CLANG_WARN_STRICT_PROTOTYPES = YES;
				CLANG_WARN_SUSPICIOUS_MOVE = YES;
				CLANG_WARN_UNGUARDED_AVAILABILITY = YES_AGGRESSIVE;
				CLANG_WARN_UNREACHABLE_CODE = YES;
				CLANG_WARN__DUPLICATE_METHOD_MATCH = YES;
				COPY_PHASE_STRIP = NO;
				DEBUG_INFORMATION_FORMAT = dwarf;
				ENABLE_STRICT_OBJC_MSGSEND = YES;
				ENABLE_TESTABILITY = YES;
				GCC_C_LANGUAGE_STANDARD = gnu11;
				GCC_DYNAMIC_NO_PIC = NO;
				GCC_NO_COMMON_BLOCKS = YES;
				GCC_OPTIMIZATION_LEVEL = 0;
				GCC_PREPROCESSOR_DEFINITIONS = (
					"DEBUG=1",
					"$(inherited)",
				);
				GCC_WARN_64_TO_32_BIT_CONVERSION = YES;
				GCC_WARN_ABOUT_RETURN_TYPE = YES_ERROR;
				GCC_WARN_UNDECLARED_SELECTOR = YES;
				GCC_WARN_UNINITIALIZED_AUTOS = YES_AGGRESSIVE;
				GCC_WARN_UNUSED_FUNCTION = YES;
				GCC_WARN_UNUSED_VARIABLE = YES;
				IPHONEOS_DEPLOYMENT_TARGET = 16.0;
				MTL_ENABLE_DEBUG_INFO = INCLUDE_SOURCE;
				MTL_FAST_MATH = YES;
				ONLY_ACTIVE_ARCH = YES;
				SDKROOT = iphoneos;
				SWIFT_ACTIVE_COMPILATION_CONDITIONS = DEBUG;
				SWIFT_OPTIMIZATION_LEVEL = "-Onone";
			};
			name = Debug;
		};
		4F1D97832902E5770064515A /* Release */ = {
			isa = XCBuildConfiguration;
			buildSettings = {
				ALWAYS_SEARCH_USER_PATHS = NO;
				CLANG_ANALYZER_NONNULL = YES;
				CLANG_ANALYZER_NUMBER_OBJECT_CONVERSION = YES_AGGRESSIVE;
				CLANG_CXX_LANGUAGE_STANDARD = "gnu++20";
				CLANG_ENABLE_MODULES = YES;
				CLANG_ENABLE_OBJC_ARC = YES;
				CLANG_ENABLE_OBJC_WEAK = YES;
				CLANG_WARN_BLOCK_CAPTURE_AUTORELEASING = YES;
				CLANG_WARN_BOOL_CONVERSION = YES;
				CLANG_WARN_COMMA = YES;
				CLANG_WARN_CONSTANT_CONVERSION = YES;
				CLANG_WARN_DEPRECATED_OBJC_IMPLEMENTATIONS = YES;
				CLANG_WARN_DIRECT_OBJC_ISA_USAGE = YES_ERROR;
				CLANG_WARN_DOCUMENTATION_COMMENTS = YES;
				CLANG_WARN_EMPTY_BODY = YES;
				CLANG_WARN_ENUM_CONVERSION = YES;
				CLANG_WARN_INFINITE_RECURSION = YES;
				CLANG_WARN_INT_CONVERSION = YES;
				CLANG_WARN_NON_LITERAL_NULL_CONVERSION = YES;
				CLANG_WARN_OBJC_IMPLICIT_RETAIN_SELF = YES;
				CLANG_WARN_OBJC_LITERAL_CONVERSION = YES;
				CLANG_WARN_OBJC_ROOT_CLASS = YES_ERROR;
				CLANG_WARN_QUOTED_INCLUDE_IN_FRAMEWORK_HEADER = YES;
				CLANG_WARN_RANGE_LOOP_ANALYSIS = YES;
				CLANG_WARN_STRICT_PROTOTYPES = YES;
				CLANG_WARN_SUSPICIOUS_MOVE = YES;
				CLANG_WARN_UNGUARDED_AVAILABILITY = YES_AGGRESSIVE;
				CLANG_WARN_UNREACHABLE_CODE = YES;
				CLANG_WARN__DUPLICATE_METHOD_MATCH = YES;
				COPY_PHASE_STRIP = NO;
				DEBUG_INFORMATION_FORMAT = "dwarf-with-dsym";
				ENABLE_NS_ASSERTIONS = NO;
				ENABLE_STRICT_OBJC_MSGSEND = YES;
				GCC_C_LANGUAGE_STANDARD = gnu11;
				GCC_NO_COMMON_BLOCKS = YES;
				GCC_WARN_64_TO_32_BIT_CONVERSION = YES;
				GCC_WARN_ABOUT_RETURN_TYPE = YES_ERROR;
				GCC_WARN_UNDECLARED_SELECTOR = YES;
				GCC_WARN_UNINITIALIZED_AUTOS = YES_AGGRESSIVE;
				GCC_WARN_UNUSED_FUNCTION = YES;
				GCC_WARN_UNUSED_VARIABLE = YES;
				IPHONEOS_DEPLOYMENT_TARGET = 16.0;
				MTL_ENABLE_DEBUG_INFO = NO;
				MTL_FAST_MATH = YES;
				SDKROOT = iphoneos;
				SWIFT_COMPILATION_MODE = wholemodule;
				SWIFT_OPTIMIZATION_LEVEL = "-O";
				VALIDATE_PRODUCT = YES;
			};
			name = Release;
		};
		4F1D97852902E5770064515A /* Debug */ = {
			isa = XCBuildConfiguration;
			buildSettings = {
				ASSETCATALOG_COMPILER_APPICON_NAME = AppIcon;
				ASSETCATALOG_COMPILER_GLOBAL_ACCENT_COLOR_NAME = AccentColor;
				CODE_SIGN_STYLE = Automatic;
				CURRENT_PROJECT_VERSION = 1;
				DEVELOPMENT_ASSET_PATHS = "\"SwiftUIdeas/Preview Content\"";
				DEVELOPMENT_TEAM = 7TYX58WJ69;
				ENABLE_PREVIEWS = YES;
				GENERATE_INFOPLIST_FILE = YES;
				INFOPLIST_KEY_CFBundleDisplayName = Ideas;
				INFOPLIST_KEY_LSApplicationCategoryType = "public.app-category.utilities";
				INFOPLIST_KEY_UIApplicationSceneManifest_Generation = YES;
				INFOPLIST_KEY_UIApplicationSupportsIndirectInputEvents = YES;
				INFOPLIST_KEY_UILaunchScreen_Generation = YES;
				INFOPLIST_KEY_UISupportedInterfaceOrientations_iPad = "UIInterfaceOrientationPortrait UIInterfaceOrientationPortraitUpsideDown UIInterfaceOrientationLandscapeLeft UIInterfaceOrientationLandscapeRight";
				INFOPLIST_KEY_UISupportedInterfaceOrientations_iPhone = "UIInterfaceOrientationPortrait UIInterfaceOrientationLandscapeLeft UIInterfaceOrientationLandscapeRight";
				LD_RUNPATH_SEARCH_PATHS = (
					"$(inherited)",
					"@executable_path/Frameworks",
				);
				MARKETING_VERSION = 1.0;
				PRODUCT_BUNDLE_IDENTIFIER = acostadev.SwiftUIdeas;
				PRODUCT_NAME = "$(TARGET_NAME)";
				SWIFT_EMIT_LOC_STRINGS = YES;
				SWIFT_VERSION = 5.0;
				TARGETED_DEVICE_FAMILY = "1,2";
			};
			name = Debug;
		};
		4F1D97862902E5770064515A /* Release */ = {
			isa = XCBuildConfiguration;
			buildSettings = {
				ASSETCATALOG_COMPILER_APPICON_NAME = AppIcon;
				ASSETCATALOG_COMPILER_GLOBAL_ACCENT_COLOR_NAME = AccentColor;
				CODE_SIGN_STYLE = Automatic;
				CURRENT_PROJECT_VERSION = 1;
				DEVELOPMENT_ASSET_PATHS = "\"SwiftUIdeas/Preview Content\"";
				DEVELOPMENT_TEAM = 7TYX58WJ69;
				ENABLE_PREVIEWS = YES;
				GENERATE_INFOPLIST_FILE = YES;
				INFOPLIST_KEY_CFBundleDisplayName = Ideas;
				INFOPLIST_KEY_LSApplicationCategoryType = "public.app-category.utilities";
				INFOPLIST_KEY_UIApplicationSceneManifest_Generation = YES;
				INFOPLIST_KEY_UIApplicationSupportsIndirectInputEvents = YES;
				INFOPLIST_KEY_UILaunchScreen_Generation = YES;
				INFOPLIST_KEY_UISupportedInterfaceOrientations_iPad = "UIInterfaceOrientationPortrait UIInterfaceOrientationPortraitUpsideDown UIInterfaceOrientationLandscapeLeft UIInterfaceOrientationLandscapeRight";
				INFOPLIST_KEY_UISupportedInterfaceOrientations_iPhone = "UIInterfaceOrientationPortrait UIInterfaceOrientationLandscapeLeft UIInterfaceOrientationLandscapeRight";
				LD_RUNPATH_SEARCH_PATHS = (
					"$(inherited)",
					"@executable_path/Frameworks",
				);
				MARKETING_VERSION = 1.0;
				PRODUCT_BUNDLE_IDENTIFIER = acostadev.SwiftUIdeas;
				PRODUCT_NAME = "$(TARGET_NAME)";
				SWIFT_EMIT_LOC_STRINGS = YES;
				SWIFT_VERSION = 5.0;
				TARGETED_DEVICE_FAMILY = "1,2";
			};
			name = Release;
		};
/* End XCBuildConfiguration section */

/* Begin XCConfigurationList section */
		4F1D97712902E5760064515A /* Build configuration list for PBXProject "SwiftUIdeas" */ = {
			isa = XCConfigurationList;
			buildConfigurations = (
				4F1D97822902E5770064515A /* Debug */,
				4F1D97832902E5770064515A /* Release */,
			);
			defaultConfigurationIsVisible = 0;
			defaultConfigurationName = Release;
		};
		4F1D97842902E5770064515A /* Build configuration list for PBXNativeTarget "SwiftUIdeas" */ = {
			isa = XCConfigurationList;
			buildConfigurations = (
				4F1D97852902E5770064515A /* Debug */,
				4F1D97862902E5770064515A /* Release */,
			);
			defaultConfigurationIsVisible = 0;
			defaultConfigurationName = Release;
		};
/* End XCConfigurationList section */

/* Begin XCVersionGroup section */
		4F2001D229047B0300F03D1A /* CoreTask.xcdatamodeld */ = {
			isa = XCVersionGroup;
			children = (
				4F2001D329047B0300F03D1A /* CoreTask.xcdatamodel */,
			);
			currentVersion = 4F2001D329047B0300F03D1A /* CoreTask.xcdatamodel */;
			path = CoreTask.xcdatamodeld;
			sourceTree = "<group>";
			versionGroupType = wrapper.xcdatamodel;
		};
/* End XCVersionGroup section */
	};
	rootObject = 4F1D976E2902E5760064515A /* Project object */;
}
